
Microsoft Visual Studio Solution File, Format Version 12.00
# Visual Studio Version 17
VisualStudioVersion = 17.4.33205.214
MinimumVisualStudioVersion = 10.0.40219.1
Project("{9A19103F-16F7-4668-BE54-9A1E7A4F7556}") = "HoteLove", "HoteLove\HoteLove.csproj", "{7560DA30-3520-4AEB-AD61-363E14918013}"
EndProject
Global
	GlobalSection(SolutionConfigurationPlatforms) = preSolution
		Debug|Any CPU = Debug|Any CPU
		Release|Any CPU = Release|Any CPU
	EndGlobalSection
	GlobalSection(ProjectConfigurationPlatforms) = postSolution
		{7560DA30-3520-4AEB-AD61-363E14918013}.Debug|Any CPU.ActiveCfg = Debug|Any CPU
		{7560DA30-3520-4AEB-AD61-363E14918013}.Debug|Any CPU.Build.0 = Debug|Any CPU
		{7560DA30-3520-4AEB-AD61-363E14918013}.Release|Any CPU.ActiveCfg = Release|Any CPU
		{7560DA30-3520-4AEB-AD61-363E14918013}.Release|Any CPU.Build.0 = Release|Any CPU
	EndGlobalSection
	GlobalSection(SolutionProperties) = preSolution
		HideSolutionNode = FALSE
	EndGlobalSection
	GlobalSection(ExtensibilityGlobals) = postSolution
		SolutionGuid = {16B4AD78-8D9D-43B7-9EAA-DE73184528E5}
	EndGlobalSection
EndGlobal
